
Microsoft Visual Studio Solution File, Format Version 12.00
# Visual Studio 2012
Project("{FAE04EC0-301F-11D3-BF4B-00C04F79EFBC}") = "randomly_generate_strings", "randomly_generate_strings\randomly_generate_strings.csproj", "{5405F7B0-8301-4A5D-8162-1B7716EB66FE}"
EndProject
Global
	GlobalSection(SolutionConfigurationPlatforms) = preSolution
		Debug|Any CPU = Debug|Any CPU
		Release|Any CPU = Release|Any CPU
	EndGlobalSection
	GlobalSection(ProjectConfigurationPlatforms) = postSolution
		{5405F7B0-8301-4A5D-8162-1B7716EB66FE}.Debug|Any CPU.ActiveCfg = Debug|Any CPU
		{5405F7B0-8301-4A5D-8162-1B7716EB66FE}.Debug|Any CPU.Build.0 = Debug|Any CPU
		{5405F7B0-8301-4A5D-8162-1B7716EB66FE}.Release|Any CPU.ActiveCfg = Release|Any CPU
		{5405F7B0-8301-4A5D-8162-1B7716EB66FE}.Release|Any CPU.Build.0 = Release|Any CPU
	EndGlobalSection
EndGlobal
